Microsoft Visual Studio Solution File, Format Version 12.00
# Visual Studio Version 17
VisualStudioVersion = 17.5.2.0
MinimumVisualStudioVersion = 10.0.40219.1
Project("{FAE04EC0-301F-11D3-BF4B-00C04F79EFBC}") = "ProjetoDBZ", "ProjetoDBZ.csproj", "{5D6E5D53-9E40-A0FC-D391-687EF28FE2E2}"
EndProject
Global
	GlobalSection(SolutionConfigurationPlatforms) = preSolution
		Debug|Any CPU = Debug|Any CPU
		Release|Any CPU = Release|Any CPU
	EndGlobalSection
	GlobalSection(ProjectConfigurationPlatforms) = postSolution
		{5D6E5D53-9E40-A0FC-D391-687EF28FE2E2}.Debug|Any CPU.ActiveCfg = Debug|Any CPU
		{5D6E5D53-9E40-A0FC-D391-687EF28FE2E2}.Debug|Any CPU.Build.0 = Debug|Any CPU
		{5D6E5D53-9E40-A0FC-D391-687EF28FE2E2}.Release|Any CPU.ActiveCfg = Release|Any CPU
		{5D6E5D53-9E40-A0FC-D391-687EF28FE2E2}.Release|Any CPU.Build.0 = Release|Any CPU
	EndGlobalSection
	GlobalSection(SolutionProperties) = preSolution
		HideSolutionNode = FALSE
	EndGlobalSection
	GlobalSection(ExtensibilityGlobals) = postSolution
		SolutionGuid = {FC5D4212-64E8-4804-B26E-782D20223626}
	EndGlobalSection
EndGlobal
